
Microsoft Visual Studio Solution File, Format Version 12.00
# Visual Studio Version 16
VisualStudioVersion = 16.0.29519.87
MinimumVisualStudioVersion = 10.0.40219.1
Project("{FAE04EC0-301F-11D3-BF4B-00C04F79EFBC}") = "tv.api", "tv.api\tv.api.csproj", "{F2E8D434-24DD-459B-885D-ECAF8FC2ED6F}"
EndProject
Global
	GlobalSection(SolutionConfigurationPlatforms) = preSolution
		Debug|Any CPU = Debug|Any CPU
		Release|Any CPU = Release|Any CPU
	EndGlobalSection
	GlobalSection(ProjectConfigurationPlatforms) = postSolution
		{F2E8D434-24DD-459B-885D-ECAF8FC2ED6F}.Debug|Any CPU.ActiveCfg = Debug|Any CPU
		{F2E8D434-24DD-459B-885D-ECAF8FC2ED6F}.Debug|Any CPU.Build.0 = Debug|Any CPU
		{F2E8D434-24DD-459B-885D-ECAF8FC2ED6F}.Release|Any CPU.ActiveCfg = Release|Any CPU
		{F2E8D434-24DD-459B-885D-ECAF8FC2ED6F}.Release|Any CPU.Build.0 = Release|Any CPU
	EndGlobalSection
	GlobalSection(SolutionProperties) = preSolution
		HideSolutionNode = FALSE
	EndGlobalSection
	GlobalSection(ExtensibilityGlobals) = postSolution
		SolutionGuid = {798D19B7-D209-4096-A524-37BD422920EC}
	EndGlobalSection
EndGlobal
